
Microsoft Visual Studio Solution File, Format Version 12.00
# Visual Studio Version 17
VisualStudioVersion = 17.1.32120.378
MinimumVisualStudioVersion = 10.0.40219.1
Project("{FAE04EC0-301F-11D3-BF4B-00C04F79EFBC}") = "ClearTrackedChanges", "ClearTrackedChanges\ClearTrackedChanges.csproj", "{FFEA6BA6-D4A0-40A7-B5CF-4E07C19EC629}"
EndProject
Global
	GlobalSection(SolutionConfigurationPlatforms) = preSolution
		Debug|Any CPU = Debug|Any CPU
		Release|Any CPU = Release|Any CPU
	EndGlobalSection
	GlobalSection(ProjectConfigurationPlatforms) = postSolution
		{FFEA6BA6-D4A0-40A7-B5CF-4E07C19EC629}.Debug|Any CPU.ActiveCfg = Debug|Any CPU
		{FFEA6BA6-D4A0-40A7-B5CF-4E07C19EC629}.Debug|Any CPU.Build.0 = Debug|Any CPU
		{FFEA6BA6-D4A0-40A7-B5CF-4E07C19EC629}.Release|Any CPU.ActiveCfg = Release|Any CPU
		{FFEA6BA6-D4A0-40A7-B5CF-4E07C19EC629}.Release|Any CPU.Build.0 = Release|Any CPU
	EndGlobalSection
	GlobalSection(SolutionProperties) = preSolution
		HideSolutionNode = FALSE
	EndGlobalSection
	GlobalSection(ExtensibilityGlobals) = postSolution
		SolutionGuid = {19BD751A-8707-45D0-8E2D-65CBF2E6F236}
	EndGlobalSection
EndGlobal
